
Microsoft Visual Studio Solution File, Format Version 12.00
# Visual Studio Version 17
VisualStudioVersion = 17.3.32922.545
MinimumVisualStudioVersion = 10.0.40219.1
Project("{FAE04EC0-301F-11D3-BF4B-00C04F79EFBC}") = "Bomba de Combustivel Shell", "Bomba de Combustivel Shell.csproj", "{5344016A-5E40-4A4F-ABE1-13F54BC85523}"
EndProject
Global
	GlobalSection(SolutionConfigurationPlatforms) = preSolution
		Debug|Any CPU = Debug|Any CPU
		Release|Any CPU = Release|Any CPU
	EndGlobalSection
	GlobalSection(ProjectConfigurationPlatforms) = postSolution
		{5344016A-5E40-4A4F-ABE1-13F54BC85523}.Debug|Any CPU.ActiveCfg = Debug|Any CPU
		{5344016A-5E40-4A4F-ABE1-13F54BC85523}.Debug|Any CPU.Build.0 = Debug|Any CPU
		{5344016A-5E40-4A4F-ABE1-13F54BC85523}.Release|Any CPU.ActiveCfg = Release|Any CPU
		{5344016A-5E40-4A4F-ABE1-13F54BC85523}.Release|Any CPU.Build.0 = Release|Any CPU
	EndGlobalSection
	GlobalSection(SolutionProperties) = preSolution
		HideSolutionNode = FALSE
	EndGlobalSection
	GlobalSection(ExtensibilityGlobals) = postSolution
		SolutionGuid = {D709CC4B-DEBA-4B61-AA38-3C6A5B2FCC46}
	EndGlobalSection
EndGlobal
